cloud.google.com/go v0.26.0/go.mod h1:aQUYkXzVsufM+DwF1aE+0xfcU+56JwCaLick0ClmMTw=
github.com/BurntSushi/toml v0.3.1 h1:WXkYYl6Yr3qBf1K79EBnL4mak0OimBfB0XUf9Vl28OQ=
github.com/BurntSushi/toml v0.3.1/go.mod h1:xHWCNGjB5oqiDr8zfno3MHue2Ht5sIBksp03qcyfWMU=
github.com/agl/ed25519 v0.0.0-20181005213720-5312a61534124124185d41f09206b9fef1d88403 h1:ocVt/eJdU/oZ6ZPYsW4lo5n+fWaLYCwT0A1rikQI7tE=
github.com/agl/ed25519 v0.0.0-20181005213720-5312a61534124124185d41f09206b9fef1d88403/go.mod h1:WPjqKcmVOxf0XSf3YxCJs6N6AOSrOx3obionmG7T0y0=
github.com/armon/consul-api v0.0.0-20180202201655-eb2c6b5be1b6/go.mod h1:grANhF5doyWs3UAsr3K4I6qtAmlQcZDesFNEHPZAzj8=
github.com/awnumar/memguard v0.15.0 h1:nuC0P7jZ/0dwJsjPEMpPRQBIcAK05qxP7S1mhYdmK9E=
github.com/awnumar/memguard v0.15.0/go.mod h1:77EUD6uwfgcd6zTmn++i5ujEFviGRQfE8ELbDJO1rpA=
github.com/bluele/gcache v0.0.0-20171010155617-472614239ac7 h1:NpQ+gkFOH27AyDypSCJ/LdsIi/b4rdnEb1N5+IpFfYs=
github.com/bluele/gcache v0.0.0-20171010155617-472614239ac7/go.mod h1:8c4/i2VlovMO2gBnHGQPN5EJw+H0lx1u/5p+cgsXtCk=
github.com/btcsuite/btcd v0.0.0-20180924021209-2a560b2036be h1:okpkDD2klX1OdvDlxlUW9bnfODro1x7y7IeGMxs8VvE=
github.com/btcsuite/btcd v0.0.0-20180924021209-2a560b2036be/go.mod h1:Dmm/EzmjnCiweXmzRIAiUWCInVmPgjkzgv5k4tVyXiQ=
github.com/chzyer/logex v1.1.10 h1:Swpa1K6QvQznwJRcfTfQJmTE72DqScAa40E+fbHEXEE=
github.com/chzyer/logex v1.1.10/go.mod h1:+Ywpsq7O8HXn0nuIou7OrIPyXbp3wmkHB+jjWRnGsAI=
github.com/chzyer/readline v0.0.0-20180603132655-2972be24d48e h1:fY5BOSpyZCqRo5OhCuC+XN+r/bBCmeuuJtjz+bCNIf8=
github.com/chzyer/readline v0.0.0-20180603132655-2972be24d48e/go.mod h1:nSuG5e5PlCu98SY8svDHJxuZscDgtXS6KTTbou5AhLI=
github.com/chzyer/test v0.0.0-20180213035817-a1ea475d72b1 h1:q763qf9huN11kDQavWsoZXJNW3xEE4JJyHa5Q25/sd8=
github.com/chzyer/test v0.0.0-20180213035817-a1ea475d72b1/go.mod h1:Q3SI9o4m/ZMnBNeIyt5eFwwo7qiLfzFZmjNmxjkiQlU=
github.com/client9/misspell v0.3.4/go.mod h1:qj6jICC3Q7zFZvVWo7KLAzC3yx5G7kyvSDkc90ppPyw=
github.com/coreos/bbolt v1.3.1-coreos.6.0.20180318001526-af9db2027c98 h1:oWP4KxUD7aOeKajtnU4/gqkJOTze6zHP6z/aTmI94/4=
github.com/coreos/bbolt v1.3.1-coreos.6.0.20180318001526-af9db2027c98/go.mod h1:iRUV2dpdMOn7Bo10OQBFzIJO9kkE559Wcmn+qkEiiKk=
github.com/coreos/etcd v3.3.10+incompatible/go.mod h1:uF7uidLiAD3TWHmW31ZFd/JWoc32PjwdhPthX9715RE=
github.com/coreos/go-etcd v2.0.0+incompatible/go.mod h1:Jez6KQU2B/sWsbdaef3ED8NzMklzPG4d5KIOhIy30Tk=
github.com/coreos/go-semver v0.2.0 h1:3Jm3tLmsgAYcjC+4Up7hJrFBPr+n7rAqYeSw/SZazuY=
github.com/coreos/go-semver v0.2.0/go.mod h1:nnelYz7RCh+5ahJtPPxZlU+153eP4D4r3EedlOD2RNk=
github.com/davecgh/go-spew v1.1.0/go.mod h1:J7Y8YcW2NihsgmVo/mv3lAwl/skON4iLHjSsI+c5H38=
github.com/davecgh/go-spew v1.1.1 h1:vj9j/u1bqnvCEfJOwUhtlOARqs3+rkHYY13jYWTU97c=
github.com/davecgh/go-spew v1.1.1/go.mod h1:J7Y8YcW2NihsgmVo/mv3lAwl/skON4iLHjSsI+c5H38=
github.com/fd/go-nat v1.0.0 h1:DPyQ97sxA9ThrWYRPcWUz/z9TnpTIGRYODIQc/dy64M=
github.com/fd/go-nat v1.0.0/go.mod h1:BTBu/CKvMmOMUPkKVef1pngt2WFH/lg7E6yQnulfp6E=
github.com/fsnotify/fsnotify v1.4.7 h1:IXs+QLmnXW2CcXuY+8Mzv/fWEsPGWxqefPtCP5CnV9I=
github.com/fsnotify/fsnotify v1.4.7/go.mod h1:jwhsz4b93w/PPRr/qN1Yymfu8t87LnFCMoQvtojpjFo=
github.com/gogo/protobuf v1.1.1 h1:72R+M5VuhED/KujmZVcIquuo8mBgX4oVda//DQb3PXo=
github.com/gogo/protobuf v1.1.1/go.mod h1:r8qH/GZQm5c6nD/R0oafs1akxWv10x8SbQlK7atdtwQ=
github.com/golang/glog v0.0.0-20160126235308-23def4e6c14b h1:VKtxabqXZkF25pY9ekfRL6a582T4P37/31XEstQ5p58=
github.com/golang/glog v0.0.0-20160126235308-23def4e6c14b/go.mod h1:SBH7ygxi8pfUlaOkMMuAQtPIUF8ecWP5IEl/CR7VP2Q=
github.com/golang/lint v0.0.0-20180702182130-06c8688daad7/go.mod h1:tluoj9z5200jBnyusfRPU2LqT6J+DAorxEvtC7LHB+E=
github.com/golang/mock v1.1.1/go.mod h1:oTYuIxOrZwtPieC+H1uAHpcLFnEyAGVDL/k47Jfbm0A=
github.com/golang/protobuf v1.2.0 h1:P3YflyNX/ehuJFLhxviNdFxQPkGK5cDcApsge1SqnvM=
github.com/golang/protobuf v1.2.0/go.mod h1:6lQm79b+lXiMfvg/cZm0SGofjICqVBUtrP5yJMmIC1U=
github.com/gomodule/redigo v2.0.1-0.20180627144507-2cd21d9966bf+incompatible h1:QJ4V3LjaRe/6NKoaaj2QzQZcezt5gNXdPv0axxS4VNA=
github.com/gomodule/redigo v2.0.1-0.20180627144507-2cd21d9966bf+incompatible/go.mod h1:B4C85qUVwatsJoIUNIfCRsp7qO0iAmpGFZ4EELWSbC4=
github.com/google/uuid v1.0.0 h1:b4Gk+7WdP/d3HZH8EJsZpvV7EtDOgaZLtnaNGIu1adA=
github.com/google/uuid v1.0.0/go.mod h1:TIyPZe4MgqvfeYDBFedMoGGpEw/LqOeaOT+nhxU+yHo=
github.com/gorilla/websocket v1.4.0 h1:WDFjx/TMzVgy9VdMMQi2K2Emtwi2QcUQsztZ/zLaH/Q=
github.com/gorilla/websocket v1.4.0/go.mod h1:E7qHFY5m1UJ88s3WnNqhKjPHQ0heANvMoAMk2YaljkQ=
github.com/gxed/GoEndian v0.0.0-20160916112711-0f5c6873267e h1:eIhARPSF2zPr1hKxiL81XWQ392f5stEEcs38UzZVSWo=
github.com/gxed/GoEndian v0.0.0-20160916112711-0f5c6873267e/go.mod h1:vckkIQ0K+GGne8aC4LseYg586YwBQhOxXMXGAmKsCdY=
github.com/gxed/eventfd v0.0.0-20160916113412-80a92cca79a8 h1:N97hyGE4Q7bfXLQHvCtVvhLA9ofDkh5nzFcaB+1kLic=
github.com/gxed/eventfd v0.0.0-20160916113412-80a92cca79a8/go.mod h1:UNZeDpt9TUOMKVo89Fm0D2Ql3htmIN8BzxIcQcmogzs=
github.com/gxed/hashland v0.0.0-20180221191214-d9f6b97f8db2 h1:neM/RzmgBKxsJ3ioEZnIQmgQQq/sn6xDqYOEYnH3RYM=
github.com/gxed/hashland v0.0.0-20180221191214-d9f6b97f8db2/go.mod h1:YUhWml1NaWLTNBl4NPptkB8MadfaIhgq+a2TRc+Mw4Q=
github.com/hashicorp/hcl v1.0.0 h1:0Anlzjpi4vEasTeNFn2mLJgTSwt0+6sfsiTG8qcWGx4=
github.com/hashicorp/hcl v1.0.0/go.mod h1:E5yfLk+7swimpb2L/Alb/PJmXilQ/rhwaUYs4T20WEQ=
github.com/hpcloud/tail v1.0.0 h1:nfCOvKYfkgYP8hkirhJocXT2+zOD8yUNjXaWfTlyFKI=
github.com/hpcloud/tail v1.0.0/go.mod h1:ab1qPbhIpdTxEkNHXyeSf5vhxWSCs/tWer42PpOxQnU=
github.com/huin/goupnp v0.0.0-20180415215157-1395d1447324 h1:PV190X5/DzQ/tbFFG5YpT5mH6q+cHlfgqI5JuRnH9oE=
github.com/huin/goupnp v0.0.0-20180415215157-1395d1447324/go.mod h1:MZ2ZmwcBpvOoJ22IJsc7va19ZwoheaBk43rKg12SKag=
github.com/inconshreveable/mousetrap v1.0.0 h1:Z8tu5sraLXCXIcARxBp/8cbvlwVa7Z1NHg9XEKhtSvM=
github.com/inconshreveable/mousetrap v1.0.0/go.mod h1:PxqpIevigyE2G7u3NXJIT2ANytuPF1OarO4DADm73n8=
github.com/ipfs/go-log v0.0.0-20180912035003-14e95105cbafcda64fdc36197fe6a30b23c693dc h1:9X8s3K4MsYKEF+s1Q/QZ3fELzSvc5F4G76I7omGIx00=
github.com/ipfs/go-log v0.0.0-20180912035003-14e95105cbafcda64fdc36197fe6a30b23c693dc/go.mod h1:AKYS9u+ECLT8t30brTaoVwu3f1FpGx6C0352oI1zQ0Q=
github.com/jackpal/gateway v1.0.4 h1:LS5EHkLuQ6jzaHwULi0vL+JO0mU/n4yUtK8oUjHHOlM=
github.com/jackpal/gateway v1.0.4/go.mod h1:lTpwd4ACLXmpyiCTRtfiNyVnUmqT9RivzCDQetPfnjA=
github.com/jackpal/go-nat-pmp v1.0.1 h1:i0LektDkO1QlrTm/cSuP+PyBCDnYvjPLGl4LdWEMiaA=
github.com/jackpal/go-nat-pmp v1.0.1/go.mod h1:QPH045xvCAeXUZOxsnwmrtiCoxIr9eob+4orBN1SBKc=
github.com/jbenet/go-cienv v0.0.0-20150120210510-1bb1476777ec h1:DQqZhhDvrTrEQ3Qod5yfavcA064e53xlQ+xajiorXgM=
github.com/jbenet/go-cienv v0.0.0-20150120210510-1bb1476777ec/go.mod h1:rGaEvXB4uRSZMmzKNLoXvTu1sfx+1kv/DojUlPrSZGs=
github.com/jbenet/go-randbuf v0.0.0-20160322125720-674640a50e6a h1:MUZ5SN21sddytgKf4tb6rKkzO9uMLlZxIV5IpW/ZgRY=
github.com/jbenet/go-randbuf v0.0.0-20160322125720-674640a50e6a/go.mod h1:z659Yhk+3iK3C42MGnioXmP9y8uly7LuJaoDGyQyJp4=
github.com/jbenet/go-temp-err-catcher v0.0.0-20150120210811-aac704a3f4f2 h1:vhC1OXXiT9R2pczegwz6moDvuRpggaroAXhPIseh57A=
github.com/jbenet/go-temp-err-catcher v0.0.0-20150120210811-aac704a3f4f2/go.mod h1:8GXXJV31xl8whumTzdZsTt3RnUIiPqzkyf7mxToRCMs=
github.com/jbenet/goprocess v0.0.0-20160826012719-b497e2f366b8 h1:bspPhN+oKYFk5fcGNuQzp6IGzYQSenLEgH3s6jkXrWw=
github.com/jbenet/goprocess v0.0.0-20160826012719-b497e2f366b8/go.mod h1:Ly/wlsjFq/qrU3Rar62tu1gASgGw6chQbSh/XgIIXCY=
github.com/kisielk/gotool v1.0.0/go.mod h1:XhKaO+MFFWcvkIS/tQcRk01m1F5IRFswLeQ+oQHNcck=
github.com/kr/pretty v0.1.0 h1:L/CwN0zerZDmRFUapSPitk6f+Q3+0za1rQkzVuMiMFI=
github.com/kr/pretty v0.1.0/go.mod h1:dAy3ld7l9f0ibDNOQOHHMYYIIbhfbHSm3C4ZsoJORNo=
github.com/kr/pty v1.1.1/go.mod h1:pFQYn66WHrOpPYNljwOMqo10TkYh1fy3cYio2l3bCsQ=
github.com/kr/text v0.1.0 h1:45sCR5RtlFHMR4UwH9sdQ5TC8v0qDQCHnXt+kaKSTVE=
github.com/kr/text v0.1.0/go.mod h1:4Jbv+DJW3UT/LiOwJeYQe1efqtUx/iVham/4vfdArNI=
github.com/libp2p/go-addr-util v0.0.0-20180912035003-2dc53609d9aa745f7bf5755bef6f54fb9ff77cd6 h1:ztyK7JGPXsIdsBw4rXiWh8WW2v1OvE/eEQWFd14MoGo=
github.com/libp2p/go-addr-util v0.0.0-20180912035003-2dc53609d9aa745f7bf5755bef6f54fb9ff77cd6/go.mod h1:doh2auL/Rkfq1xHxDrWJGHZ8yDojPerOZoPu9XVwRB8=
github.com/libp2p/go-buffer-pool v0.0.0-20180912035003-1d28ab5fdb424e5b3523d357553082e68df9b068 h1:YuP+DfDDwrhsgRIfVVJUeFhtAVHu0advpKzXt0gL60Y=
github.com/libp2p/go-buffer-pool v0.0.0-20180912035003-1d28ab5fdb424e5b3523d357553082e68df9b068/go.mod h1:xtyIz9PMobb13WaxR6Zo1Pd1zXJKYg0a8KiIvDp3TzQ=
github.com/libp2p/go-conn-security v0.0.0-20180912035003-1e66c1f23a115ec242996eca42316dd67b38d32f h1:BQkyhyZWPSAMepqUhumH3NFd0+mKjTNt92DB554qrjY=
github.com/libp2p/go-conn-security v0.0.0-20180912035003-1e66c1f23a115ec242996eca42316dd67b38d32f/go.mod h1:lIqm8x2wrAxlG+6CzJ3z4Nk5/F73zdjkS6RKbHSbaJ4=
github.com/libp2p/go-conn-security-multistream v0.0.0-20180912035003-aa0d406ec5f5ddb0cea38393f5e65279e73a068a h1:sDGkR+AsOGvhYVg7Chnuay8lQo5KRcRk0+NpLpxAJ10=
github.com/libp2p/go-conn-security-multistream v0.0.0-20180912035003-aa0d406ec5f5ddb0cea38393f5e65279e73a068a/go.mod h1:hBY3HYjGnK86P3pX3wgr9IAfe3A/vZB830LJAMi1g88=
github.com/libp2p/go-floodsub v0.0.0-20180912035003-63398892ee6f463368b46057b04fee80f0ff8b93 h1:DQMdjI2gDv9X3cdg8nTwHGKknxe1DsiPyjmTXTOpmgs=
github.com/libp2p/go-floodsub v0.0.0-20180912035003-63398892ee6f463368b46057b04fee80f0ff8b93/go.mod h1:nfCSvCW4ySBAVDvZoy4B3QbNalFd5Wu0IOvMzEVuUrk=
github.com/libp2p/go-flow-metrics v0.0.0-20180912035003-cc546389dcf06b4bcbf6b8594069588e5c8a1451 h1:OWxsMnbS7n9P66QC9KLtpsM4hnKoMf8CzTZ/0yX25bs=
github.com/libp2p/go-flow-metrics v0.0.0-20180912035003-cc546389dcf06b4bcbf6b8594069588e5c8a1451/go.mod h1:Iv1GH0sG8DtYN3SVJ2eG221wMiNpZxBdp967ls1g+k8=
github.com/libp2p/go-libp2p v0.0.0-20180912035003-2fac973565025e3cedccc1762f8f00cb45862dd0 h1:bQUA9SPYZF4JvcZxxuDe08fjlWAeNXJD+rP8c5XeXFw=
github.com/libp2p/go-libp2p v0.0.0-20180912035003-2fac973565025e3cedccc1762f8f00cb45862dd0/go.mod h1:CyUlFa6Mw04PkmMg8gBIlHUl8j3TrEiA6oFiF4SgD8w=
github.com/libp2p/go-libp2p-blankhost v0.0.0-20180912035003-222524f5926b9b68f0583e758de8d84dc9a86d8c h1:JFii78tW4KuBsbmMXQ/pa0ZQv+MPg23/G0IpZgOP0wk=
github.com/libp2p/go-libp2p-blankhost v0.0.0-20180912035003-222524f5926b9b68f0583e758de8d84dc9a86d8c/go.mod h1:v1Lnlzn2DFfVeAk2O19BnVm/OaoRlFZwSyq015ZT11I=
github.com/libp2p/go-libp2p-circuit v0.0.0-20180912035003-a4e6443180c9d2bf94fc90ced3ed5d22a93421fd h1:LMN6qw8QQmc+xFdP7Ex2iP2bJyDnVTMz/Bka3uaZvS8=
github.com/libp2p/go-libp2p-circuit v0.0.0-20180912035003-a4e6443180c9d2bf94fc90ced3ed5d22a93421fd/go.mod h1:DH3RV0Tb4cHZAdSsdNOitADXTqRiFZxJmSk7mMcCFN4=
github.com/libp2p/go-libp2p-crypto v0.0.0-20180912035003-50487e0f0b4842e9e657317e689fbb8209fab2dc h1:B+VVfrflIl7jTyK/9OcAml0pcKApl5m0LJii/bR8rFw=
github.com/libp2p/go-libp2p-crypto v0.0.0-20180912035003-50487e0f0b4842e9e657317e689fbb8209fab2dc/go.mod h1:WHpT3tvhh7GM2INNJhQBuI6J+5z/o3QI0lTF5UVjppk=
github.com/libp2p/go-libp2p-host v0.0.0-20180912035003-933c9b69b75a029872fb408905b1ca4e52c78901 h1:0EdcH9jTCAjfnsz7rEOu7jh05m+9AM0SZUqQfdgoilA=
github.com/libp2p/go-libp2p-host v0.0.0-20180912035003-933c9b69b75a029872fb408905b1ca4e52c78901/go.mod h1:iAthoepYpyqzb89f4RmqzF9+ebsWPFBTvSedSlcWupg=
github.com/libp2p/go-libp2p-interface-connmgr v0.0.0-20180912035003-58520b932fe596c6b8cd986140904dd1fe845446 h1:piN+9d4PUibm3NzXQy/SzZf5BAvITeLwom3+Lnj8Cwk=
github.com/libp2p/go-libp2p-interface-connmgr v0.0.0-20180912035003-58520b932fe596c6b8cd986140904dd1fe845446/go.mod h1:2LbTwxMveREcmkOWo/s6MM7xDvSZbW8J8kYDF4Mj648=
github.com/libp2p/go-libp2p-interface-pnet v0.0.0-20180912035003-3eda0a328422c06235501df5be481e4b51edc7cf h1:Nl9SgfNTDJE+IdjrBbF8JA6bmyASzjKJnDB5Uw86Jww=
github.com/libp2p/go-libp2p-interface-pnet v0.0.0-20180912035003-3eda0a328422c06235501df5be481e4b51edc7cf/go.mod h1:el9jHpQAXK5dnTpKA4yfCNBZXvrzdOU75zz+C6ryp3k=
github.com/libp2p/go-libp2p-loggables v0.0.0-20180912035003-fc4c4dc5d90bcd55e0af5b5f744005519e070dc3 h1:jX8Z511uEEJPU2oeHMyi210nYYKZNmXySK1hpVrhJrU=
github.com/libp2p/go-libp2p-loggables v0.0.0-20180912035003-fc4c4dc5d90bcd55e0af5b5f744005519e070dc3/go.mod h1:jcP5HmpEBcQ2w5u9xhLkCv73GBPKz3weC/s6ZWhXn+k=
github.com/libp2p/go-libp2p-metrics v0.0.0-20180912035003-a10ff6e75dae3c868023867e8caa534a04bdc624 h1:5qoBRX9MCq6W1aEPzZR0pPXoPSixUdqpSJYTrL1w7GU=
github.com/libp2p/go-libp2p-metrics v0.0.0-20180912035003-a10ff6e75dae3c868023867e8caa534a04bdc624/go.mod h1:ko4lRyuvbgwwxD2TJvt2RHONahjJlkn6l7L/iEbJBf0=
github.com/libp2p/go-libp2p-nat v0.0.0-20180912035003-fcc8db1a9963a3d489abbc632f2c0f404e4ff607 h1:b0h+8Qa9NRQftb/+VTUmHBYKV8fFdEXQ9cYDgNN5YQc=
github.com/libp2p/go-libp2p-nat v0.0.0-20180912035003-fcc8db1a9963a3d489abbc632f2c0f404e4ff607/go.mod h1:cA6+rN+EcOAzmSL3vQ53VxX/FfOL1WGeJUvZgqjm2eQ=
github.com/libp2p/go-libp2p-net v0.0.0-20180912035003-32f552f75f3bc27f13f3cfca25935401b78be6d4 h1:E3R2YRZ0WhifZoFSUO0u9T+9Wec4LZmZs0hdADLR248=
github.com/libp2p/go-libp2p-net v0.0.0-20180912035003-32f552f75f3bc27f13f3cfca25935401b78be6d4/go.mod h1:8W6Wx3AZbTRTe8zSMLoAmT3mGyau+w6kGIRk+Z+MZ7Q=
github.com/libp2p/go-libp2p-peer v0.0.0-20180912035003-993d742bc29dcf4894b7730ba610fd78900be76c h1:B6I4vRaJ5e7pglHkWJWDgjQP9WBjHo5H2NYXWm4pekg=
github.com/libp2p/go-libp2p-peer v0.0.0-20180912035003-993d742bc29dcf4894b7730ba610fd78900be76c/go.mod h1:fS2eFKRO1IomwBAf+SuE8P1XOT/AAiqSgVPNIFA7Jc0=
github.com/libp2p/go-libp2p-peerstore v0.0.0-20180912035003-3e0c5fae56f77cfe57f51cc97e23971f308e725a h1:tNJ/ORWYM4uyX2yP4OZ8ufnSgS0B0xxdMkm04TwbT6c=
github.com/libp2p/go-libp2p-peerstore v0.0.0-20180912035003-3e0c5fae56f77cfe57f51cc97e23971f308e725a/go.mod h1:lLfgn0N3z2t+ER57a88K7NTZjMO27ez5TyWSURd428E=
github.com/libp2p/go-libp2p-protocol v0.0.0-20180912035003-e34f0d7468b3519bf9bf4e43c1d028ce651eab51 h1:TRtwdypDQL9Att59bkaEK4+ecdYMxSn5pb74p/aHbCo=
github.com/libp2p/go-libp2p-protocol v0.0.0-20180912035003-e34f0d7468b3519bf9bf4e43c1d028ce651eab51/go.mod h1:Af9n4PiruirSDjHycM1QuiMi/1VZNHYcK8cLgFJLZ4s=
github.com/libp2p/go-libp2p-secio v0.0.0-20180912035003-56b7d20cfbad648044ee74ae3bc64746800d1cff h1:PGxoxeRTf/+kBYXkU8WQPW+E18Jxk1l3B8UM5TWdnEk=
github.com/libp2p/go-libp2p-secio v0.0.0-20180912035003-56b7d20cfbad648044ee74ae3bc64746800d1cff/go.mod h1:U7wBlYK2sZbUiTaGe6xJd/fyNq40gwn+jBk/iEUbUrA=
github.com/libp2p/go-libp2p-swarm v0.0.0-20180912035003-c54db10406aa519d69784a1a87cef932a67732f5 h1:U5wT/Yt/TKusstxmmUBNUE1NgJNOiHmgZiLcZUIZaHc=
github.com/libp2p/go-libp2p-swarm v0.0.0-20180912035003-c54db10406aa519d69784a1a87cef932a67732f5/go.mod h1:NHa7cA4/y8OKFw3BHQjLL9pwPDFXkgECO/k+2gqSFuk=
github.com/libp2p/go-libp2p-transport v0.0.0-20180912035003-e261726854ee2b59deea0c81fcb79aa212dd469b h1:by7rwKffkow6TTFW4YRnzzsj7tozB7JQ7GprLPt77Ck=
github.com/libp2p/go-libp2p-transport v0.0.0-20180912035003-e261726854ee2b59deea0c81fcb79aa212dd469b/go.mod h1:lcwgOszllbhvQXul37Kv5YbSYXPoUhRB2Z+Nr3jaBmo=
github.com/libp2p/go-libp2p-transport-upgrader v0.0.0-20180912035003-19570969af9e3089540265fef74c64638b984eed h1:wE1msJ7t4PzajvLWYNQkQz1hVsvqLBAd6J4v196CLH4=
github.com/libp2p/go-libp2p-transport-upgrader v0.0.0-20180912035003-19570969af9e3089540265fef74c64638b984eed/go.mod h1:5r+arPlxwtCEF1aVi/fTQF/ZWGSPHLxBov1DlXDevDA=
github.com/libp2p/go-maddr-filter v0.0.0-20180912035003-57fd7e2ed649ba28b4f2c7bcab3a606e7cc4b12c h1:Ec3Qx33NWZAGWUtQItzm4ZtiILRywMkAXnNAr0Y1yiM=
github.com/libp2p/go-maddr-filter v0.0.0-20180912035003-57fd7e2ed649ba28b4f2c7bcab3a606e7cc4b12c/go.mod h1:9uHkmfw086BVLQyQFAbe/peEO9Iley6dafqm3cKHIAk=
github.com/libp2p/go-msgio v0.0.0-20180912035003-fa984f54d57f20970aac9309a89a7ea40821f67c h1:xxAPoqyKiHuFJNGApPwqOa5fKAkLc6xVevr9i34UN/w=
github.com/libp2p/go-msgio v0.0.0-20180912035003-fa984f54d57f20970aac9309a89a7ea40821f67c/go.mod h1:u5M7EDois/gQxdPuEfNYQks5cAu9oxUGDU3dRkGping=
github.com/libp2p/go-reuseport v0.0.0-20180912035003-dd0c37d7767bc38280bd9813145b65f8bd560629 h1:wvDFBiunb6kKCyxr7mQTVxJuZv9U8jyEi/bmV42LdmA=
github.com/libp2p/go-reuseport v0.0.0-20180912035003-dd0c37d7767bc38280bd9813145b65f8bd560629/go.mod h1:UeLFiw50cCfyDHBpU0sXBR8ul1MO/m51mXpRO/SYjCE=
github.com/libp2p/go-reuseport-transport v0.0.0-20180912035003-5cdb097c8035e75fc59d12f22509aeb700a272d0 h1:Qrkt5iRTyx1t/g8O4+P4+nLC9EKNTJY0dduafYei1LY=
github.com/libp2p/go-reuseport-transport v0.0.0-20180912035003-5cdb097c8035e75fc59d12f22509aeb700a272d0/go.mod h1:twFBnjvBekr78LhW4UaBX26BfN5+0EcO7Y4KwZqDlls=
github.com/libp2p/go-sockaddr v0.0.0-20180912035003-5c3ac7e71ec1941a0c2ed4271535d9427feb829c h1:e4IbgkLltCXY5MJDtMz2fXvbzb0y7p2aiHfFGwHqxvs=
github.com/libp2p/go-sockaddr v0.0.0-20180912035003-5c3ac7e71ec1941a0c2ed4271535d9427feb829c/go.mod h1:N/q858DTOi0BT81GpvIRIls1x7my5oLpbxYZnbRXVBM=
github.com/libp2p/go-stream-muxer v0.0.0-20180912035003-2ba231669cdd8d310277307dec6ced95a190c495 h1:v7avW2NEEBHdlHT2H7a0X69rB6+dUCsVWzb22rEJCVs=
github.com/libp2p/go-stream-muxer v0.0.0-20180912035003-2ba231669cdd8d310277307dec6ced95a190c495/go.mod h1:bAo8x7YkSpadMTbtTaxGVHWUQsR/l5MEaHbKaliuT14=
github.com/libp2p/go-tcp-transport v0.0.0-20180912035003-d29539b26c5cc7a3e4f6388ef5de687dfdcb0bf2 h1:C8czyl+14d0aW5elXTylTMyvWerNVaKHFaO4RtRTNtE=
github.com/libp2p/go-tcp-transport v0.0.0-20180912035003-d29539b26c5cc7a3e4f6388ef5de687dfdcb0bf2/go.mod h1:K6Zi9TkPvn5m/m0bktlJ6Fv9Vna2wvr/jiCtTRC7T8o=
github.com/libp2p/go-testutil v0.0.0-20180912035003-8f5bdfbba2a14e11e2fd56b9d0c9956fdcfd8880 h1:wKCz5bW/mjudzEMYtpyrxqM0+zj8cjO0gXHBlF/B4Xc=
github.com/libp2p/go-testutil v0.0.0-20180912035003-8f5bdfbba2a14e11e2fd56b9d0c9956fdcfd8880/go.mod h1:8FHCRBHdt9BibhKebrOqVTJyW4cOZc52bfrGmw7ja+4=
github.com/libp2p/go-ws-transport v0.0.0-20180912035003-6c2d6a289a474cfccb5caa0703269a0da8ce3cd7 h1:uWIxG4545O1kzPJ2YQeDJ9FpLFSEyd94gMQ3SZROc2g=
github.com/libp2p/go-ws-transport v0.0.0-20180912035003-6c2d6a289a474cfccb5caa0703269a0da8ce3cd7/go.mod h1:qx7Dcw4onTaVNI3iG6q3XOKwNQWnXYhNEHYmhgQmKKk=
github.com/magiconair/properties v1.8.0 h1:LLgXmsheXeRoUOBOjtwPQCWIYqM/LU1ayDtDePerRcY=
github.com/magiconair/properties v1.8.0/go.mod h1:PppfXfuXeibc/6YijjN8zIbojt8czPbwD3XqdrwzmxQ=
github.com/mattn/go-colorable v0.0.9 h1:UVL0vNpWh04HeJXV0KLcaT7r06gOH2l4OW6ddYRUIY4=
github.com/mattn/go-colorable v0.0.9/go.mod h1:9vuHe8Xs5qXnSaW/c/ABM9alt+Vo+STaOChaDxuIBZU=
github.com/mattn/go-isatty v0.0.4 h1:bnP0vzxcAdeI1zdubAl5PjU6zsERjGZb7raWodagDYs=
github.com/mattn/go-isatty v0.0.4/go.mod h1:M+lRXTBqGeGNdLjl/ufCoiOlB5xdOkqRJdNxMWT7Zi4=
github.com/mattn/go-runewidth v0.0.3 h1:a+kO+98RDGEfo6asOGMmpodZq4FNtnGP54yps8BzLR4=
github.com/mattn/go-runewidth v0.0.3/go.mod h1:LwmH8dsx7+W8Uxz3IHJYH5QSwggIsqBzpuz5H//U1FU=
github.com/minio/blake2b-simd v0.0.0-20160723061019-3f5f724cb5b1 h1:lYpkrQH5ajf0OXOcUbGjvZxxijuBwbbmlSxLiuofa+g=
github.com/minio/blake2b-simd v0.0.0-20160723061019-3f5f724cb5b1/go.mod h1:pD8RvIylQ358TN4wwqatJ8rNavkEINozVn9DtGI3dfQ=
github.com/minio/sha256-simd v0.0.0-20181005183134-51976451ce19 h1:d9VfRe71OW+ZtutCBgQ54kXBwFy5Tz5hR0OBIE6qlFo=
github.com/minio/sha256-simd v0.0.0-20181005183134-51976451ce19/go.mod h1:2FMWW+8GMoPweT6+pI63m9YE3Lmw4J71hV56Chs1E/U=
github.com/mitchellh/mapstructure v1.1.2 h1:fmNYVwqnSfB9mZU6OS2O6GsXM+wcskZDuKQzvN1EDeE=
github.com/mitchellh/mapstructure v1.1.2/go.mod h1:FVVH3fgwuzCH5S8UJGiWEs2h04kUh9fWfEaFds41c1Y=
github.com/mr-tron/base58 v1.0.0 h1:hyk/3LyneixLdKcOQ5aUUEGUK8vDunbHe/50G3Y8A9c=
github.com/mr-tron/base58 v1.0.0/go.mod h1:xcD2VGqlgYjBdcBLw+TuYLr8afG+Hj8g2eTVqeSzSU8=
github.com/multiformats/go-multiaddr v0.0.0-20180912035003-2b4e098f3e0aa2c8bc960f0e4bdc3247efc3749c h1:rQ35mU8NE3S1nuWXaf+ThUGcZ7k6d0ClP65EN4CPesc=
github.com/multiformats/go-multiaddr v0.0.0-20180912035003-2b4e098f3e0aa2c8bc960f0e4bdc3247efc3749c/go.mod h1:1JAWc2R8uiQTLrCHI/lmOkXYu5B8025fQbZjq8//YgY=
github.com/multiformats/go-multiaddr-dns v0.2.4-0.20180623005149-78f39e8892d4 h1:JvWOZFcBeg1LTPlo8+sJAHOK3Ax/YOhA7mTknMVtLSs=
github.com/multiformats/go-multiaddr-dns v0.2.4-0.20180623005149-78f39e8892d4/go.mod h1:IGZKFM4G96cYgdMcUmHx5gtJxiHmvZLTQ9rdWXMKJyo=
github.com/multiformats/go-multiaddr-net v0.0.0-20180912035003-cba4f9fea8613343eb7ecc4ddadd8e7298a00c39 h1:CAr2z9P8MFL2fuG+4oTtbcLUEmNWTLOF+KL7xSYjluw=
github.com/multiformats/go-multiaddr-net v0.0.0-20180912035003-cba4f9fea8613343eb7ecc4ddadd8e7298a00c39/go.mod h1:AO4WqKzxLt+paJ0N0kufj6teQ2R6fZbnItDvGTwilmk=
github.com/multiformats/go-multihash v0.0.0-20180912035003-8be2a682ab9f254311de1375145a2f78a809b07d h1:n6jAC0nweV6BvTIZevi0b8T/1/T4PxdAqq7PqpeWX6c=
github.com/multiformats/go-multihash v0.0.0-20180912035003-8be2a682ab9f254311de1375145a2f78a809b07d/go.mod h1:sT17phG+xVgnrZc8ht/ZoCIV0sKRwvmZkXk46UfSxM4=
github.com/multiformats/go-multistream v0.0.0-20180912035003-0e509f6b999d3be262c0702d25fe868c77de1565 h1:bQf9HEZIUkSke/jcGttS7o/rKLvr6TOxywxijs+nt6g=
github.com/multiformats/go-multistream v0.0.0-20180912035003-0e509f6b999d3be262c0702d25fe868c77de1565/go.mod h1:fJTiDfXJVmItycydCnNx4+wSzZ5NwG2FEVAI30fiovg=
github.com/olekukonko/tablewriter v0.0.0-20180912035003-be2c049b30cc h1:rQ1O4ZLYR2xXHXgBCCfIIGnuZ0lidMQw2S5n1oOv+Wg=
github.com/olekukonko/tablewriter v0.0.0-20180912035003-be2c049b30cc/go.mod h1:vsDQFd/mU46D+Z4whnwzcISnGGzXWMclvtLoiIKAKIo=
github.com/onsi/ginkgo v1.6.0 h1:Ix8l273rp3QzYgXSR+c8d1fTG7UPgYkOSELPhiY/YGw=
github.com/onsi/ginkgo v1.6.0/go.mod h1:lLunBs/Ym6LB5Z9jYTR76FiuTmxDTDusOGeTQH+WWjE=
github.com/onsi/gomega v1.4.2 h1:3mYCb7aPxS/RU7TI1y4rkEn1oKmPRjNJLNEXgw7MH2I=
github.com/onsi/gomega v1.4.2/go.mod h1:ex+gbHU/CVuBBDIJjb2X0qEXbFg53c61hWP/1CpauHY=
github.com/opentracing/opentracing-go v1.0.2 h1:3jA2P6O1F9UOrWVpwrIo17pu01KWvNWg4X946/Y5Zwg=
github.com/opentracing/opentracing-go v1.0.2/go.mod h1:UkNAQd3GIcIGf0SeVgPpRdFStlNbqXla1AfSYxPUl2o=
github.com/pelletier/go-toml v1.2.0 h1:T5zMGML61Wp+FlcbWjRDT7yAxhJNAiPPLOFECq181zc=
github.com/pelletier/go-toml v1.2.0/go.mod h1:5z9KED0ma1S8pY6P1sdut58dfprrGBbd/94hg7ilaic=
github.com/pkg/errors v0.8.0 h1:WdK/asTD0HN+q6hsWO3/vpuAkAr+tw6aNJNDFFf0+qw=
github.com/pkg/errors v0.8.0/go.mod h1:bwawxfHBFNV+L2hUp1rHADufV3IMtnDRdf1r5NINEl0=
github.com/pmezard/go-difflib v1.0.0 h1:4DBwDE0NGyQoBHbLQYPwSUPoCMWR5BEzIk/f1lZbAQM=
github.com/pmezard/go-difflib v1.0.0/go.mod h1:iKH77koFhYxTK1pcRnkKkqfTogsbg7gZNVY4sRDYZ/4=
github.com/satori/go.uuid v1.2.1-0.20180103174451-36e9d2ebbde5 h1:Jw7W4WMfQDxsXvfeFSaS2cHlY7bAF4MGrgnbd0+Uo78=
github.com/satori/go.uuid v1.2.1-0.20180103174451-36e9d2ebbde5/go.mod h1:dA0hQrYB0VpLJoorglMZABFdXlWrHn1NEOzdhQKdks0=
github.com/spaolacci/murmur3 v0.0.0-20180118202830-f09979ecbc72 h1:qLC7fQah7D6K1B0ujays3HV9gkFtllcxhzImRR7ArPQ=
github.com/spaolacci/murmur3 v0.0.0-20180118202830-f09979ecbc72/go.mod h1:JwIasOWyU6f++ZhiEuf87xNszmSA2myDM2Kzu9HwQUA=
github.com/spf13/afero v1.1.2/go.mod h1:j4pytiNVoe2o6bmDsKpLACNPDBIoEAkihy7loJ1B0CQ=
github.com/spf13/afero v1.2.0 h1:O9FblXGxoTc51M+cqr74Bm2Tmt4PvkA5iu/j8HrkNuY=
github.com/spf13/afero v1.2.0/go.mod h1:9ZxEEn6pIJ8Rxe320qSDBk6AsU0r9pR7Q4OcevTdifk=
github.com/spf13/cast v1.3.0 h1:oget//CVOEoFewqQxwr0Ej5yjygnqGkvggSE/gB35Q8=
github.com/spf13/cast v1.3.0/go.mod h1:Qx5cxh0v+4UWYiBimWS+eyWzqEqokIECu5etghLkUJE=
github.com/spf13/cobra v0.0.4-0.20180722215644-7c4570c3ebeb h1:l8xMeTl9t6JKC/dA1fwIg0F2s8+BDePCjlpEk0awEwA=
github.com/spf13/cobra v0.0.4-0.20180722215644-7c4570c3ebeb/go.mod h1:1l0Ry5zgKvJasoi3XT1TypsSe7PqH0Sj9dhYf7v3XqQ=
github.com/spf13/jwalterweatherman v1.0.0 h1:XHEdyB+EcvlqZamSM4ZOMGlc93t6AcsBEu9Gc1vn7yk=
github.com/spf13/jwalterweatherman v1.0.0/go.mod h1:cQK4TGJAtQXfYWX+Ddv3mKDzgVb68N+wFjFa4jdeBTo=
github.com/spf13/pflag v1.0.3 h1:zPAT6CGy6wXeQ7NtTnaTerfKOsV6V6F8agHXFiazDkg=
github.com/spf13/pflag v1.0.3/go.mod h1:DYY7MBk1bdzusC3SYhjObp+wFpr4gzcvqqNjLnInEg4=
github.com/spf13/viper v1.3.1 h1:5+8j8FTpnFV4nEImW/ofkzEt8VoOiLXxdYIDsB73T38=
github.com/spf13/viper v1.3.1/go.mod h1:ZiWeW+zYFKm7srdB9IoDzzZXaJaI5eL9QjNiN/DMA2s=
github.com/stretchr/objx v0.1.0/go.mod h1:HFkY916IF+rwdDfMAkV7OtwuqBVzrE8GR6GFx+wExME=
github.com/stretchr/testify v1.2.2/go.mod h1:a8OnRcib4nhh0OaRAV+Yts87kKdq0PP7pXfy6kDkUVs=
github.com/stretchr/testify v1.3.0 h1:TivCn/peBQ7UY8ooIcPgZFpTNSz0Q2U6UrFlUfqbe0Q=
github.com/stretchr/testify v1.3.0/go.mod h1:M5WIy9Dh21IEIfnGCwXGc5bZfKNJtfHm1UVUgZn+9EI=
github.com/ugorji/go/codec v0.0.0-20181204163529-d75b2dcb6bc8/go.mod h1:VFNgLljTbGfSG7qAOspJ7OScBnGdDN/yBr0sguwnwf0=
github.com/whyrusleeping/go-logging v0.0.0-20170515211332-0457bb6b88fc h1:9lDbC6Rz4bwmou+oE6Dt4Cb2BGMur5eR/GYptkKUVHo=
github.com/whyrusleeping/go-logging v0.0.0-20170515211332-0457bb6b88fc/go.mod h1:bopw91TMyo8J3tvftk8xmU2kPmlrt4nScJQZU2hE5EM=
github.com/whyrusleeping/go-multiplex v0.0.0-20180912035003-c3dda5ad658cfdb3d23528f6c118dc3cfb1a708a h1:ooKCsQdAm+N9YtqbuCahDXIX4aWeC2uT+k1LUq3B3xo=
github.com/whyrusleeping/go-multiplex v0.0.0-20180912035003-c3dda5ad658cfdb3d23528f6c118dc3cfb1a708a/go.mod h1:4RC9WGo4ProT/a2uTYVgqMxurfyI45hjPSTGLao8VFY=
github.com/whyrusleeping/go-notifier v0.0.0-20170827234753-097c5d47330f h1:M/lL30eFZTKnomXY6huvM6G0+gVquFNf6mxghaWlFUg=
github.com/whyrusleeping/go-notifier v0.0.0-20170827234753-097c5d47330f/go.mod h1:cZNvX9cFybI01GriPRMXDtczuvUhgbcYr9iCGaNlRv8=
github.com/whyrusleeping/go-smux-multiplex v3.0.13+incompatible h1:L6M8gix83QErWUBf+G91Zyzjhnc19n/LvTMGTrYyG9M=
github.com/whyrusleeping/go-smux-multiplex v3.0.13+incompatible/go.mod h1:34LEDbeKFZInPUrAG+bjuJmUXONGdEFW7XL0SpTY1y4=
github.com/whyrusleeping/go-smux-multistream v2.0.2+incompatible h1:BdYHctE9HJZLquG9tpTdwWcbG4FaX6tVKPGjCGgiVxo=
github.com/whyrusleeping/go-smux-multistream v2.0.2+incompatible/go.mod h1:dRWHHvc4HDQSHh9gbKEBbUZ+f2Q8iZTPG3UOGYODxSQ=
github.com/whyrusleeping/go-smux-yamux v2.0.4+incompatible h1:pyqQThkigQO3W8zGhgNUvNLamQeBhgNY3m5ysDTY1Q4=
github.com/whyrusleeping/go-smux-yamux v2.0.4+incompatible/go.mod h1:6qHUzBXUbB9MXmw3AUdB52L8sEb/hScCqOdW2kj/wuI=
github.com/whyrusleeping/mafmt v0.0.0-20180627004827-1dc32401ee9f h1:K+jRchI301pbgC5O7JaM/ykXqQUhEukwzTwfujBVQbI=
github.com/whyrusleeping/mafmt v0.0.0-20180627004827-1dc32401ee9f/go.mod h1:faQJFPbLSxzD9xpA02ttW/tS9vZykNvXwGvqIpk20FA=
github.com/whyrusleeping/multiaddr-filter v0.0.0-20160516205228-e903e4adabd7 h1:E9S12nwJwEOXe2d6gT6qxdvqMnNq+VnSsKPgm2ZZNds=
github.com/whyrusleeping/multiaddr-filter v0.0.0-20160516205228-e903e4adabd7/go.mod h1:X2c0RVCI1eSUFI8eLcY3c0423ykwiUdxLJtkDvruhjI=
github.com/whyrusleeping/timecache v0.0.0-20160911033111-cfcb2f1abfee h1:lYbXeSvJi5zk5GLKVuid9TVjS9a0OmLIDKTfoZBL6Ow=
github.com/whyrusleeping/timecache v0.0.0-20160911033111-cfcb2f1abfee/go.mod h1:m2aV4LZI4Aez7dP5PMyVKEHhUyEJ/RjmPEDOpDvudHg=
github.com/whyrusleeping/yamux v0.0.0-20181005213720-59a89db3363c h1:FUjDE2Quj51bWgmbbRn5gnKb3l4d3UQChBBNp1alaT4=
github.com/whyrusleeping/yamux v0.0.0-20181005213720-59a89db3363c/go.mod h1:E8LnQQ8HKx5KD29HZFUwM1PxCOdPRzGwur1mcYhXcD8=
github.com/xordataexchange/crypt v0.0.3-0.20170626215501-b2862e3d0a77/go.mod h1:aYKd//L2LvnjZzWKhF00oedf4jCCReLcmhLdhm1A27Q=
go.uber.org/atomic v1.3.2 h1:2Oa65PReHzfn29GpvgsYwloV9AVFHPDk8tYxt2c2tr4=
go.uber.org/atomic v1.3.2/go.mod h1:gD2HeocX3+yG+ygLZcrzQJaqmWj9AIm7n08wl/qW/PE=
go.uber.org/multierr v1.1.0 h1:HoEmRHQPVSqub6w2z2d2EOVs2fjyFRGyofhKuyDq0QI=
go.uber.org/multierr v1.1.0/go.mod h1:wR5kodmAFQ0UK8QlbwjlSNy0Z68gJhDJUG5sjR94q/0=
go.uber.org/zap v1.9.1 h1:XCJQEf3W6eZaVwhRBof6ImoYGJSITeKWsyeh3HFu/5o=
go.uber.org/zap v1.9.1/go.mod h1:vwi/ZaCAaUcBkycHslxD9B2zi4UTXhF60s6SWpuDF0Q=
golang.org/x/crypto v0.0.0-20181203042331-505ab145d0a9/go.mod h1:6SG95UA2DQfeDnfUPMdvaQW0Q7yPrPDi9nlGo2tz2b4=
golang.org/x/crypto v0.0.0-20190123085648-057139ce5d2b h1:Elez2XeF2p9uyVj0yEUDqQ56NFcDtcBNkYP7yv8YbUE=
golang.org/x/crypto v0.0.0-20190123085648-057139ce5d2b/go.mod h1:6SG95UA2DQfeDnfUPMdvaQW0Q7yPrPDi9nlGo2tz2b4=
golang.org/x/lint v0.0.0-20180702182130-06c8688daad7/go.mod h1:UVdnD1Gm6xHRNCYTkRU2/jEulfH38KcIWyp/GAMgvoE=
golang.org/x/net v0.0.0-20180524181706-dfa909b99c79/go.mod h1:mL1N/T3taQHkDXs73rZJwtUhF3w3ftmwwsq0BUmARs4=
golang.org/x/net v0.0.0-20180826012351-8a410e7b638d/go.mod h1:mL1N/T3taQHkDXs73rZJwtUhF3w3ftmwwsq0BUmARs4=
golang.org/x/net v0.0.0-20180906233101-161cd47e91fd/go.mod h1:mL1N/T3taQHkDXs73rZJwtUhF3w3ftmwwsq0BUmARs4=
golang.org/x/net v0.0.0-20181005035420-146acd28ed58 h1:otZG8yDCO4LVps5+9bxOeNiCvgmOyt96J3roHTYs7oE=
golang.org/x/net v0.0.0-20181005035420-146acd28ed58/go.mod h1:mL1N/T3taQHkDXs73rZJwtUhF3w3ftmwwsq0BUmARs4=
golang.org/x/oauth2 v0.0.0-20180821212333-d2e6202438be/go.mod h1:N/0e6XlmueqKjAGxoOufVs8QHGRruUQn6yWY3a++T0U=
golang.org/x/sync v0.0.0-20180314180146-1d60e4601c6f h1:wMNYb4v58l5UBM7MYRLPG6ZhfOqbKu7X5eyFl8ZhKvA=
golang.org/x/sync v0.0.0-20180314180146-1d60e4601c6f/go.mod h1:RxMgew5VJxzue5/jJTE5uejpjVlOe/izrB70Jof72aM=
golang.org/x/sys v0.0.0-20180830151530-49385e6e1522/go.mod h1:STP8DvDyc/dI5b8T5hshtkjS+E42TnysNCUPdjciGhY=
golang.org/x/sys v0.0.0-20180909124046-d0be0721c37e/go.mod h1:STP8DvDyc/dI5b8T5hshtkjS+E42TnysNCUPdjciGhY=
golang.org/x/sys v0.0.0-20181205085412-a5c9d58dba9a/go.mod h1:STP8DvDyc/dI5b8T5hshtkjS+E42TnysNCUPdjciGhY=
golang.org/x/sys v0.0.0-20190124100055-b90733256f2e h1:3GIlrlVLfkoipSReOMNAgApI0ajnalyLa/EZHHca/XI=
golang.org/x/sys v0.0.0-20190124100055-b90733256f2e/go.mod h1:STP8DvDyc/dI5b8T5hshtkjS+E42TnysNCUPdjciGhY=
golang.org/x/text v0.3.0 h1:g61tztE5qeGQ89tm6NTjjM9VPIm088od1l6aSorWRWg=
golang.org/x/text v0.3.0/go.mod h1:NqM8EUOU14njkJ3fqMW+pc6Ldnwhi/IjpwHt7yyuwOQ=
golang.org/x/tools v0.0.0-20180828015842-6cd1fcedba52/go.mod h1:n7NCudcB/nEzxVGmLbDWY5pfWTLqBcC2KZ6jyYvM4mQ=
google.golang.org/appengine v1.1.0/go.mod h1:EbEs0AVv82hx2wNQdGPgUI5lhzA/G0D9YwlJXL52JkM=
google.golang.org/genproto v0.0.0-20180817151627-c66870c02cf8/go.mod h1:JiN7NxoALGmiZfu7CAH4rXhgtRTLTxftemlI0sWmxmc=
google.golang.org/genproto v0.0.0-20181004005441-af9cb2a35e7f h1:FU37niK8AQ59mHcskRyQL7H0ErSeNh650vdcj8HqdSI=
google.golang.org/genproto v0.0.0-20181004005441-af9cb2a35e7f/go.mod h1:JiN7NxoALGmiZfu7CAH4rXhgtRTLTxftemlI0sWmxmc=
google.golang.org/grpc v1.15.0 h1:Az/KuahOM4NAidTEuJCv/RonAA7rYsTPkqXVjr+8OOw=
google.golang.org/grpc v1.15.0/go.mod h1:0JHn/cJsOMiMfNA9+DeHDlAU7KAAB5GDlYFpa9MZMio=
gopkg.in/check.v1 v0.0.0-20161208181325-20d25e280405/go.mod h1:Co6ibVJAznAaIkqp8huTwlJQCZ016jof/cbN4VW5Yz0=
gopkg.in/check.v1 v1.0.0-20180628173108-788fd7840127 h1:qIbj1fsPNlZgppZ+VLlY7N33q108Sa+fhmuc+sWQYwY=
gopkg.in/check.v1 v1.0.0-20180628173108-788fd7840127/go.mod h1:Co6ibVJAznAaIkqp8huTwlJQCZ016jof/cbN4VW5Yz0=
gopkg.in/fsnotify.v1 v1.4.7 h1:xOHLXZwVvI9hhs+cLKq5+I5onOuwQLhQwiu63xxlHs4=
gopkg.in/fsnotify.v1 v1.4.7/go.mod h1:Tz8NjZHkW78fSQdbUxIjBTcgA1z1m8ZHf0WmKUhAMys=
gopkg.in/tomb.v1 v1.0.0-20141024135613-dd632973f1e7 h1:uRGJdciOHaEIrze2W8Q3AKkepLTh2hOroT7a+7czfdQ=
gopkg.in/tomb.v1 v1.0.0-20141024135613-dd632973f1e7/go.mod h1:dt/ZhP58zS4L8KSrWDmTeBkI65Dw0HsyUHuEVlX15mw=
gopkg.in/yaml.v2 v2.2.1/go.mod h1:hI93XBmqTisBFMUTm0b8Fm+jr3Dg1NNxqwp+5A1VGuI=
gopkg.in/yaml.v2 v2.2.2 h1:ZCJp+EgiOT7lHqUV2J862kp8Qj64Jo6az82+3Td9dZw=
gopkg.in/yaml.v2 v2.2.2/go.mod h1:hI93XBmqTisBFMUTm0b8Fm+jr3Dg1NNxqwp+5A1VGuI=
honnef.co/go/tools v0.0.0-20180728063816-88497007e858/go.mod h1:rf3lG4BRIbNafJWhAfAdb/ePZxsR/4RtNHQocxwk9r4=
